
Microsoft Visual Studio Solution File, Format Version 12.00
# Visual Studio Version 17
VisualStudioVersion = 17.5.33516.290
MinimumVisualStudioVersion = 10.0.40219.1
Project("{9A19103F-16F7-4668-BE54-9A1E7A4F7556}") = "webserver", "webserver\webserver.csproj", "{D936906A-38B2-4633-86C9-FA9E6D493CB0}"
EndProject
Global
	GlobalSection(SolutionConfigurationPlatforms) = preSolution
		Debug|Any CPU = Debug|Any CPU
		Release|Any CPU = Release|Any CPU
	EndGlobalSection
	GlobalSection(ProjectConfigurationPlatforms) = postSolution
		{D936906A-38B2-4633-86C9-FA9E6D493CB0}.Debug|Any CPU.ActiveCfg = Debug|Any CPU
		{D936906A-38B2-4633-86C9-FA9E6D493CB0}.Debug|Any CPU.Build.0 = Debug|Any CPU
		{D936906A-38B2-4633-86C9-FA9E6D493CB0}.Release|Any CPU.ActiveCfg = Release|Any CPU
		{D936906A-38B2-4633-86C9-FA9E6D493CB0}.Release|Any CPU.Build.0 = Release|Any CPU
	EndGlobalSection
	GlobalSection(SolutionProperties) = preSolution
		HideSolutionNode = FALSE
	EndGlobalSection
	GlobalSection(ExtensibilityGlobals) = postSolution
		SolutionGuid = {98F3A77A-2AB7-4FEE-A90B-27A817F96857}
	EndGlobalSection
EndGlobal
